
Microsoft Visual Studio Solution File, Format Version 12.00
# Visual Studio 15
VisualStudioVersion = 15.0.27004.2002
MinimumVisualStudioVersion = 10.0.40219.1
Project("{FAE04EC0-301F-11D3-BF4B-00C04F79EFBC}") = "AzureBackup.Core", "AzureBackup.Core\AzureBackup.Core.csproj", "{A23601B0-66F9-4D4B-9F04-674064F40042}"
EndProject
Project("{FAE04EC0-301F-11D3-BF4B-00C04F79EFBC}") = "AzureBackup.ConsoleHost", "AzureBackup.ConsoleHost\AzureBackup.ConsoleHost.csproj", "{C1D17DCE-3B79-4E3D-AE45-822C08F35137}"
EndProject
Global
	GlobalSection(SolutionConfigurationPlatforms) = preSolution
		Debug|Any CPU = Debug|Any CPU
		Release|Any CPU = Release|Any CPU
	EndGlobalSection
	GlobalSection(ProjectConfigurationPlatforms) = postSolution
		{A23601B0-66F9-4D4B-9F04-674064F40042}.Debug|Any CPU.ActiveCfg = Debug|Any CPU
		{A23601B0-66F9-4D4B-9F04-674064F40042}.Debug|Any CPU.Build.0 = Debug|Any CPU
		{A23601B0-66F9-4D4B-9F04-674064F40042}.Release|Any CPU.ActiveCfg = Release|Any CPU
		{A23601B0-66F9-4D4B-9F04-674064F40042}.Release|Any CPU.Build.0 = Release|Any CPU
		{C1D17DCE-3B79-4E3D-AE45-822C08F35137}.Debug|Any CPU.ActiveCfg = Debug|Any CPU
		{C1D17DCE-3B79-4E3D-AE45-822C08F35137}.Debug|Any CPU.Build.0 = Debug|Any CPU
		{C1D17DCE-3B79-4E3D-AE45-822C08F35137}.Release|Any CPU.ActiveCfg = Release|Any CPU
		{C1D17DCE-3B79-4E3D-AE45-822C08F35137}.Release|Any CPU.Build.0 = Release|Any CPU
	EndGlobalSection
	GlobalSection(SolutionProperties) = preSolution
		HideSolutionNode = FALSE
	EndGlobalSection
	GlobalSection(ExtensibilityGlobals) = postSolution
		SolutionGuid = {B78269CA-4309-4009-ACFB-969E2EA81B31}
	EndGlobalSection
EndGlobal
